// !$*UTF8*$!
{
	archiveVersion = 1;
	classes = {
	};
	objectVersion = 46;
	objects = {

/* Begin PBXBuildFile section */
		AE1F13108AF8FE5CCB17F10F /* Pods_Games.framework in Frameworks */ = {isa = PBXBuildFile; fileRef = FDA0FDC8A524112B10D5DA4A /* Pods_Games.framework */; };
		C70AFB9E1EC6B50700C245E9 /* LeaguesNC.swift in Sources */ = {isa = PBXBuildFile; fileRef = C70AFB9D1EC6B50700C245E9 /* LeaguesNC.swift */; };
		C70AFBA51EC94BB600C245E9 /* GamesNC.swift in Sources */ = {isa = PBXBuildFile; fileRef = C70AFBA41EC94BB600C245E9 /* GamesNC.swift */; };
		C70AFBA91EC94D6400C245E9 /* GamesVC.swift in Sources */ = {isa = PBXBuildFile; fileRef = C70AFBA81EC94D6400C245E9 /* GamesVC.swift */; };
		C70AFBAB1EC950AE00C245E9 /* GameCell.swift in Sources */ = {isa = PBXBuildFile; fileRef = C70AFBAA1EC950AE00C245E9 /* GameCell.swift */; };
		C70AFBAD1EC950D800C245E9 /* Game.swift in Sources */ = {isa = PBXBuildFile; fileRef = C70AFBAC1EC950D800C245E9 /* Game.swift */; };
		C70B68071ED22203008BE774 /* LeagueTBC.swift in Sources */ = {isa = PBXBuildFile; fileRef = C70B68061ED22203008BE774 /* LeagueTBC.swift */; };
		C70B68091ED22264008BE774 /* MembersNC.swift in Sources */ = {isa = PBXBuildFile; fileRef = C70B68081ED22264008BE774 /* MembersNC.swift */; };
		C70B680B1ED246C9008BE774 /* CurrentLeague.storyboard in Resources */ = {isa = PBXBuildFile; fileRef = C70B680A1ED246C9008BE774 /* CurrentLeague.storyboard */; };
		C70B680F1ED24DED008BE774 /* MembersVC.swift in Sources */ = {isa = PBXBuildFile; fileRef = C70B680E1ED24DED008BE774 /* MembersVC.swift */; };
		C723BD141ED3971E00AA9B2D /* MemberCell.swift in Sources */ = {isa = PBXBuildFile; fileRef = C723BD131ED3971E00AA9B2D /* MemberCell.swift */; };
		C723C7D51EBE38CD0000C383 /* Constants.swift in Sources */ = {isa = PBXBuildFile; fileRef = C723C7D41EBE38CD0000C383 /* Constants.swift */; };
		C723C7D71EBE44720000C383 /* LeagueCell.swift in Sources */ = {isa = PBXBuildFile; fileRef = C723C7D61EBE44720000C383 /* LeagueCell.swift */; };
		C723C7D91EBE44810000C383 /* PendingInviteCell.swift in Sources */ = {isa = PBXBuildFile; fileRef = C723C7D81EBE44810000C383 /* PendingInviteCell.swift */; };
		C723C7DB1EBE56990000C383 /* NewLeagueVC.swift in Sources */ = {isa = PBXBuildFile; fileRef = C723C7DA1EBE56990000C383 /* NewLeagueVC.swift */; };
		C723C7DD1EBE62700000C383 /* User.swift in Sources */ = {isa = PBXBuildFile; fileRef = C723C7DC1EBE62700000C383 /* User.swift */; };
		C723C7DF1EC17A990000C383 /* LeagueService.swift in Sources */ = {isa = PBXBuildFile; fileRef = C723C7DE1EC17A990000C383 /* LeagueService.swift */; };
		C729C06C1EB835EB00FC2EB0 /* ActivitySpinnerView.swift in Sources */ = {isa = PBXBuildFile; fileRef = C729C06B1EB835EB00FC2EB0 /* ActivitySpinnerView.swift */; };
		C735BAC71ED117D300D20949 /* GameService.swift in Sources */ = {isa = PBXBuildFile; fileRef = C735BAC61ED117D300D20949 /* GameService.swift */; };
		C735BAC91ED132CA00D20949 /* AddGameVC.swift in Sources */ = {isa = PBXBuildFile; fileRef = C735BAC81ED132CA00D20949 /* AddGameVC.swift */; };
		C73931131EDA92B600ED38B6 /* CustomTextField.swift in Sources */ = {isa = PBXBuildFile; fileRef = C73931121EDA92B600ED38B6 /* CustomTextField.swift */; };
		C73931161EDA99E300ED38B6 /* ModalView.swift in Sources */ = {isa = PBXBuildFile; fileRef = C73931151EDA99E300ED38B6 /* ModalView.swift */; };
		C73931191EDA9B1500ED38B6 /* InviteMemberModalVC.swift in Sources */ = {isa = PBXBuildFile; fileRef = C73931181EDA9B1500ED38B6 /* InviteMemberModalVC.swift */; };
		C739311B1EDBBBD200ED38B6 /* ShadowUIView.swift in Sources */ = {isa = PBXBuildFile; fileRef = C739311A1EDBBBD200ED38B6 /* ShadowUIView.swift */; };
		C739311D1EDBC93D00ED38B6 /* MemberInviteCell.swift in Sources */ = {isa = PBXBuildFile; fileRef = C739311C1EDBC93D00ED38B6 /* MemberInviteCell.swift */; };
		C76000011EB185FB002C9AB0 /* GoogleService-Info.plist in Resources */ = {isa = PBXBuildFile; fileRef = C76000001EB185FB002C9AB0 /* GoogleService-Info.plist */; };
		C76000081EB19772002C9AB0 /* LoginTextField.swift in Sources */ = {isa = PBXBuildFile; fileRef = C76000071EB19772002C9AB0 /* LoginTextField.swift */; };
		C760000A1EB19B03002C9AB0 /* LoginButton.swift in Sources */ = {isa = PBXBuildFile; fileRef = C76000091EB19B03002C9AB0 /* LoginButton.swift */; };
		C760000C1EB19FCB002C9AB0 /* LoginVC.swift in Sources */ = {isa = PBXBuildFile; fileRef = C760000B1EB19FCB002C9AB0 /* LoginVC.swift */; };
		C76000101EB1A6DC002C9AB0 /* PasswordResetVC.swift in Sources */ = {isa = PBXBuildFile; fileRef = C760000F1EB1A6DC002C9AB0 /* PasswordResetVC.swift */; };
		C760FFEC1EB184D6002C9AB0 /* AppDelegate.swift in Sources */ = {isa = PBXBuildFile; fileRef = C760FFEB1EB184D6002C9AB0 /* AppDelegate.swift */; };
		C760FFEE1EB184D6002C9AB0 /* RegisterVC.swift in Sources */ = {isa = PBXBuildFile; fileRef = C760FFED1EB184D6002C9AB0 /* RegisterVC.swift */; };
		C760FFF61EB184D6002C9AB0 /* Assets.xcassets in Resources */ = {isa = PBXBuildFile; fileRef = C760FFF51EB184D6002C9AB0 /* Assets.xcassets */; };
		C760FFF91EB184D6002C9AB0 /* LaunchScreen.storyboard in Resources */ = {isa = PBXBuildFile; fileRef = C760FFF71EB184D6002C9AB0 /* LaunchScreen.storyboard */; };
		C7D3874F1EB5261C0058A5F2 /* AuthService.swift in Sources */ = {isa = PBXBuildFile; fileRef = C7D3874E1EB5261C0058A5F2 /* AuthService.swift */; };
		C7D387531EB531700058A5F2 /* Leagues.storyboard in Resources */ = {isa = PBXBuildFile; fileRef = C7D387521EB531700058A5F2 /* Leagues.storyboard */; };
		C7D387571EB531F30058A5F2 /* LeaguesVC.swift in Sources */ = {isa = PBXBuildFile; fileRef = C7D387561EB531F30058A5F2 /* LeaguesVC.swift */; };
		C7D387591EB65F8A0058A5F2 /* AppStoryboards.swift in Sources */ = {isa = PBXBuildFile; fileRef = C7D387581EB65F8A0058A5F2 /* AppStoryboards.swift */; };
		C7D3875B1EB6A0830058A5F2 /* HideKeyboardExtension.swift in Sources */ = {isa = PBXBuildFile; fileRef = C7D3875A1EB6A0830058A5F2 /* HideKeyboardExtension.swift */; };
		C7D3875D1EB6A1910058A5F2 /* AlertExtension.swift in Sources */ = {isa = PBXBuildFile; fileRef = C7D3875C1EB6A1910058A5F2 /* AlertExtension.swift */; };
		C7DEC9D71EB45BDB00901A63 /* Main.storyboard in Resources */ = {isa = PBXBuildFile; fileRef = C760FFEF1EB184D6002C9AB0 /* Main.storyboard */; };
		C7FB15951EBADB1900D79D5C /* UserService.swift in Sources */ = {isa = PBXBuildFile; fileRef = C7FB15941EBADB1900D79D5C /* UserService.swift */; };
		C7FB15971EBAE6C700D79D5C /* League.swift in Sources */ = {isa = PBXBuildFile; fileRef = C7FB15961EBAE6C700D79D5C /* League.swift */; };
/* End PBXBuildFile section */

/* Begin PBXFileReference section */
		C28AAB04554CD7DB525D9500 /* Pods-Games.debug.xcconfig */ = {isa = PBXFileReference; includeInIndex = 1; lastKnownFileType = text.xcconfig; name = "Pods-Games.debug.xcconfig"; path = "Pods/Target Support Files/Pods-Games/Pods-Games.debug.xcconfig"; sourceTree = "<group>"; };
		C70AFB9D1EC6B50700C245E9 /* LeaguesNC.swift */ = {isa = PBXFileReference; fileEncoding = 4; lastKnownFileType = sourcecode.swift; path = LeaguesNC.swift; sourceTree = "<group>"; };
		C70AFBA41EC94BB600C245E9 /* GamesNC.swift */ = {isa = PBXFileReference; fileEncoding = 4; lastKnownFileType = sourcecode.swift; path = GamesNC.swift; sourceTree = "<group>"; };
		C70AFBA81EC94D6400C245E9 /* GamesVC.swift */ = {isa = PBXFileReference; fileEncoding = 4; lastKnownFileType = sourcecode.swift; path = GamesVC.swift; sourceTree = "<group>"; };
		C70AFBAA1EC950AE00C245E9 /* GameCell.swift */ = {isa = PBXFileReference; fileEncoding = 4; lastKnownFileType = sourcecode.swift; path = GameCell.swift; sourceTree = "<group>"; };
		C70AFBAC1EC950D800C245E9 /* Game.swift */ = {isa = PBXFileReference; fileEncoding = 4; lastKnownFileType = sourcecode.swift; path = Game.swift; sourceTree = "<group>"; };
		C70B68061ED22203008BE774 /* LeagueTBC.swift */ = {isa = PBXFileReference; fileEncoding = 4; lastKnownFileType = sourcecode.swift; path = LeagueTBC.swift; sourceTree = "<group>"; };
		C70B68081ED22264008BE774 /* MembersNC.swift */ = {isa = PBXFileReference; fileEncoding = 4; lastKnownFileType = sourcecode.swift; path = MembersNC.swift; sourceTree = "<group>"; };
		C70B680A1ED246C9008BE774 /* CurrentLeague.storyboard */ = {isa = PBXFileReference; fileEncoding = 4; lastKnownFileType = file.storyboard; path = CurrentLeague.storyboard; sourceTree = "<group>"; };
		C70B680E1ED24DED008BE774 /* MembersVC.swift */ = {isa = PBXFileReference; fileEncoding = 4; lastKnownFileType = sourcecode.swift; path = MembersVC.swift; sourceTree = "<group>"; };
		C723BD131ED3971E00AA9B2D /* MemberCell.swift */ = {isa = PBXFileReference; fileEncoding = 4; lastKnownFileType = sourcecode.swift; path = MemberCell.swift; sourceTree = "<group>"; };
		C723C7D41EBE38CD0000C383 /* Constants.swift */ = {isa = PBXFileReference; fileEncoding = 4; lastKnownFileType = sourcecode.swift; path = Constants.swift; sourceTree = "<group>"; };
		C723C7D61EBE44720000C383 /* LeagueCell.swift */ = {isa = PBXFileReference; fileEncoding = 4; lastKnownFileType = sourcecode.swift; path = LeagueCell.swift; sourceTree = "<group>"; };
		C723C7D81EBE44810000C383 /* PendingInviteCell.swift */ = {isa = PBXFileReference; fileEncoding = 4; lastKnownFileType = sourcecode.swift; path = PendingInviteCell.swift; sourceTree = "<group>"; };
		C723C7DA1EBE56990000C383 /* NewLeagueVC.swift */ = {isa = PBXFileReference; fileEncoding = 4; lastKnownFileType = sourcecode.swift; path = NewLeagueVC.swift; sourceTree = "<group>"; };
		C723C7DC1EBE62700000C383 /* User.swift */ = {isa = PBXFileReference; fileEncoding = 4; lastKnownFileType = sourcecode.swift; path = User.swift; sourceTree = "<group>"; };
		C723C7DE1EC17A990000C383 /* LeagueService.swift */ = {isa = PBXFileReference; fileEncoding = 4; lastKnownFileType = sourcecode.swift; path = LeagueService.swift; sourceTree = "<group>"; };
		C729C06B1EB835EB00FC2EB0 /* ActivitySpinnerView.swift */ = {isa = PBXFileReference; fileEncoding = 4; lastKnownFileType = sourcecode.swift; path = ActivitySpinnerView.swift; sourceTree = "<group>"; };
		C735BAC61ED117D300D20949 /* GameService.swift */ = {isa = PBXFileReference; fileEncoding = 4; lastKnownFileType = sourcecode.swift; path = GameService.swift; sourceTree = "<group>"; };
		C735BAC81ED132CA00D20949 /* AddGameVC.swift */ = {isa = PBXFileReference; fileEncoding = 4; lastKnownFileType = sourcecode.swift; path = AddGameVC.swift; sourceTree = "<group>"; };
		C73931121EDA92B600ED38B6 /* CustomTextField.swift */ = {isa = PBXFileReference; fileEncoding = 4; lastKnownFileType = sourcecode.swift; path = CustomTextField.swift; sourceTree = "<group>"; };
		C73931151EDA99E300ED38B6 /* ModalView.swift */ = {isa = PBXFileReference; fileEncoding = 4; lastKnownFileType = sourcecode.swift; path = ModalView.swift; sourceTree = "<group>"; };
		C73931181EDA9B1500ED38B6 /* InviteMemberModalVC.swift */ = {isa = PBXFileReference; fileEncoding = 4; lastKnownFileType = sourcecode.swift; path = InviteMemberModalVC.swift; sourceTree = "<group>"; };
		C739311A1EDBBBD200ED38B6 /* ShadowUIView.swift */ = {isa = PBXFileReference; fileEncoding = 4; lastKnownFileType = sourcecode.swift; path = ShadowUIView.swift; sourceTree = "<group>"; };
		C739311C1EDBC93D00ED38B6 /* MemberInviteCell.swift */ = {isa = PBXFileReference; fileEncoding = 4; lastKnownFileType = sourcecode.swift; path = MemberInviteCell.swift; sourceTree = "<group>"; };
		C76000001EB185FB002C9AB0 /* GoogleService-Info.plist */ = {isa = PBXFileReference; fileEncoding = 4; lastKnownFileType = text.plist.xml; path = "GoogleService-Info.plist"; sourceTree = "<group>"; };
		C76000071EB19772002C9AB0 /* LoginTextField.swift */ = {isa = PBXFileReference; fileEncoding = 4; lastKnownFileType = sourcecode.swift; path = LoginTextField.swift; sourceTree = "<group>"; };
		C76000091EB19B03002C9AB0 /* LoginButton.swift */ = {isa = PBXFileReference; fileEncoding = 4; lastKnownFileType = sourcecode.swift; path = LoginButton.swift; sourceTree = "<group>"; };
		C760000B1EB19FCB002C9AB0 /* LoginVC.swift */ = {isa = PBXFileReference; fileEncoding = 4; lastKnownFileType = sourcecode.swift; path = LoginVC.swift; sourceTree = "<group>"; };
		C760000F1EB1A6DC002C9AB0 /* PasswordResetVC.swift */ = {isa = PBXFileReference; fileEncoding = 4; lastKnownFileType = sourcecode.swift; path = PasswordResetVC.swift; sourceTree = "<group>"; };
		C760FFE81EB184D6002C9AB0 /* Games.app */ = {isa = PBXFileReference; explicitFileType = wrapper.application; includeInIndex = 0; path = Games.app; sourceTree = BUILT_PRODUCTS_DIR; };
		C760FFEB1EB184D6002C9AB0 /* AppDelegate.swift */ = {isa = PBXFileReference; lastKnownFileType = sourcecode.swift; path = AppDelegate.swift; sourceTree = "<group>"; };
		C760FFED1EB184D6002C9AB0 /* RegisterVC.swift */ = {isa = PBXFileReference; lastKnownFileType = sourcecode.swift; path = RegisterVC.swift; sourceTree = "<group>"; };
		C760FFF01EB184D6002C9AB0 /* Base */ = {isa = PBXFileReference; lastKnownFileType = file.storyboard; name = Base; path = Base.lproj/Main.storyboard; sourceTree = "<group>"; };
		C760FFF51EB184D6002C9AB0 /* Assets.xcassets */ = {isa = PBXFileReference; lastKnownFileType = folder.assetcatalog; path = Assets.xcassets; sourceTree = "<group>"; };
		C760FFF81EB184D6002C9AB0 /* Base */ = {isa = PBXFileReference; lastKnownFileType = file.storyboard; name = Base; path = Base.lproj/LaunchScreen.storyboard; sourceTree = "<group>"; };
		C760FFFA1EB184D6002C9AB0 /* Info.plist */ = {isa = PBXFileReference; lastKnownFileType = text.plist.xml; path = Info.plist; sourceTree = "<group>"; };
		C7D3874E1EB5261C0058A5F2 /* AuthService.swift */ = {isa = PBXFileReference; fileEncoding = 4; lastKnownFileType = sourcecode.swift; path = AuthService.swift; sourceTree = "<group>"; };
		C7D387521EB531700058A5F2 /* Leagues.storyboard */ = {isa = PBXFileReference; fileEncoding = 4; lastKnownFileType = file.storyboard; path = Leagues.storyboard; sourceTree = "<group>"; };
		C7D387561EB531F30058A5F2 /* LeaguesVC.swift */ = {isa = PBXFileReference; fileEncoding = 4; lastKnownFileType = sourcecode.swift; path = LeaguesVC.swift; sourceTree = "<group>"; };
		C7D387581EB65F8A0058A5F2 /* AppStoryboards.swift */ = {isa = PBXFileReference; fileEncoding = 4; lastKnownFileType = sourcecode.swift; path = AppStoryboards.swift; sourceTree = "<group>"; };
		C7D3875A1EB6A0830058A5F2 /* HideKeyboardExtension.swift */ = {isa = PBXFileReference; fileEncoding = 4; lastKnownFileType = sourcecode.swift; path = HideKeyboardExtension.swift; sourceTree = "<group>"; };
		C7D3875C1EB6A1910058A5F2 /* AlertExtension.swift */ = {isa = PBXFileReference; fileEncoding = 4; lastKnownFileType = sourcecode.swift; path = AlertExtension.swift; sourceTree = "<group>"; };
		C7FB15941EBADB1900D79D5C /* UserService.swift */ = {isa = PBXFileReference; fileEncoding = 4; lastKnownFileType = sourcecode.swift; path = UserService.swift; sourceTree = "<group>"; };
		C7FB15961EBAE6C700D79D5C /* League.swift */ = {isa = PBXFileReference; fileEncoding = 4; lastKnownFileType = sourcecode.swift; path = League.swift; sourceTree = "<group>"; };
		FD360C8C9BEA7D61E1BC2D4F /* Pods-Games.release.xcconfig */ = {isa = PBXFileReference; includeInIndex = 1; lastKnownFileType = text.xcconfig; name = "Pods-Games.release.xcconfig"; path = "Pods/Target Support Files/Pods-Games/Pods-Games.release.xcconfig"; sourceTree = "<group>"; };
		FDA0FDC8A524112B10D5DA4A /* Pods_Games.framework */ = {isa = PBXFileReference; explicitFileType = wrapper.framework; includeInIndex = 0; path = Pods_Games.framework; sourceTree = BUILT_PRODUCTS_DIR; };
/* End PBXFileReference section */

/* Begin PBXFrameworksBuildPhase section */
		C760FFE51EB184D6002C9AB0 /* Frameworks */ = {
			isa = PBXFrameworksBuildPhase;
			buildActionMask = 2147483647;
			files = (
				AE1F13108AF8FE5CCB17F10F /* Pods_Games.framework in Frameworks */,
			);
			runOnlyForDeploymentPostprocessing = 0;
		};
/* End PBXFrameworksBuildPhase section */

/* Begin PBXGroup section */
		A0F35626435844BA623A812B /* Frameworks */ = {
			isa = PBXGroup;
			children = (
				FDA0FDC8A524112B10D5DA4A /* Pods_Games.framework */,
			);
			name = Frameworks;
			sourceTree = "<group>";
		};
		C70AFB9F1EC6C51500C245E9 /* Storyboards */ = {
			isa = PBXGroup;
			children = (
				C7D387521EB531700058A5F2 /* Leagues.storyboard */,
				C760FFEF1EB184D6002C9AB0 /* Main.storyboard */,
				C760FFF71EB184D6002C9AB0 /* LaunchScreen.storyboard */,
				C70B680A1ED246C9008BE774 /* CurrentLeague.storyboard */,
			);
			name = Storyboards;
			sourceTree = "<group>";
		};
		C70AFBA21EC94A8200C245E9 /* Games */ = {
			isa = PBXGroup;
			children = (
				C70AFBA41EC94BB600C245E9 /* GamesNC.swift */,
				C70AFBA81EC94D6400C245E9 /* GamesVC.swift */,
				C735BAC81ED132CA00D20949 /* AddGameVC.swift */,
			);
			name = Games;
			sourceTree = "<group>";
		};
		C70AFBA31EC94A8900C245E9 /* Games */ = {
			isa = PBXGroup;
			children = (
				C70AFBAA1EC950AE00C245E9 /* GameCell.swift */,
			);
			name = Games;
			sourceTree = "<group>";
		};
		C723BD121ED3971100AA9B2D /* Members */ = {
			isa = PBXGroup;
			children = (
				C723BD131ED3971E00AA9B2D /* MemberCell.swift */,
				C739311C1EDBC93D00ED38B6 /* MemberInviteCell.swift */,
			);
			name = Members;
			sourceTree = "<group>";
		};
		C73931141EDA99D500ED38B6 /* UI Elements */ = {
			isa = PBXGroup;
			children = (
				C73931151EDA99E300ED38B6 /* ModalView.swift */,
				C73931121EDA92B600ED38B6 /* CustomTextField.swift */,
				C739311A1EDBBBD200ED38B6 /* ShadowUIView.swift */,
			);
			name = "UI Elements";
			sourceTree = "<group>";
		};
		C73931171EDA9AF700ED38B6 /* Members */ = {
			isa = PBXGroup;
			children = (
				C70B68081ED22264008BE774 /* MembersNC.swift */,
				C70B680E1ED24DED008BE774 /* MembersVC.swift */,
				C73931181EDA9B1500ED38B6 /* InviteMemberModalVC.swift */,
			);
			name = Members;
			sourceTree = "<group>";
		};
		C76000021EB18B89002C9AB0 /* Controller */ = {
			isa = PBXGroup;
			children = (
				C73931171EDA9AF700ED38B6 /* Members */,
				C70AFBA21EC94A8200C245E9 /* Games */,
				C7D387551EB531DE0058A5F2 /* Leagues */,
				C760000E1EB1A483002C9AB0 /* Login */,
			);
			name = Controller;
			sourceTree = "<group>";
		};
		C76000031EB18B91002C9AB0 /* View */ = {
			isa = PBXGroup;
			children = (
				C73931141EDA99D500ED38B6 /* UI Elements */,
				C723BD121ED3971100AA9B2D /* Members */,
				C70AFBA31EC94A8900C245E9 /* Games */,
				C70AFB9F1EC6C51500C245E9 /* Storyboards */,
				C7D3875E1EB6A5470058A5F2 /* Extensions */,
				C7D387541EB531820058A5F2 /* Leagues */,
				C760000D1EB1A470002C9AB0 /* Login */,
			);
			name = View;
			sourceTree = "<group>";
		};
		C76000041EB18B97002C9AB0 /* Model */ = {
			isa = PBXGroup;
			children = (
				C76000001EB185FB002C9AB0 /* GoogleService-Info.plist */,
				C760FFFA1EB184D6002C9AB0 /* Info.plist */,
				C7FB15961EBAE6C700D79D5C /* League.swift */,
				C723C7DC1EBE62700000C383 /* User.swift */,
				C70AFBAC1EC950D800C245E9 /* Game.swift */,
			);
			name = Model;
			sourceTree = "<group>";
		};
		C760000D1EB1A470002C9AB0 /* Login */ = {
			isa = PBXGroup;
			children = (
				C76000071EB19772002C9AB0 /* LoginTextField.swift */,
				C76000091EB19B03002C9AB0 /* LoginButton.swift */,
			);
			name = Login;
			sourceTree = "<group>";
		};
		C760000E1EB1A483002C9AB0 /* Login */ = {
			isa = PBXGroup;
			children = (
				C760FFED1EB184D6002C9AB0 /* RegisterVC.swift */,
				C760000B1EB19FCB002C9AB0 /* LoginVC.swift */,
				C760000F1EB1A6DC002C9AB0 /* PasswordResetVC.swift */,
			);
			name = Login;
			sourceTree = "<group>";
		};
		C760FFDF1EB184D6002C9AB0 = {
			isa = PBXGroup;
			children = (
				C760FFEA1EB184D6002C9AB0 /* Games */,
				C760FFE91EB184D6002C9AB0 /* Products */,
				C86642EA8D01324CEAFD1A4F /* Pods */,
				A0F35626435844BA623A812B /* Frameworks */,
			);
			sourceTree = "<group>";
		};
		C760FFE91EB184D6002C9AB0 /* Products */ = {
			isa = PBXGroup;
			children = (
				C760FFE81EB184D6002C9AB0 /* Games.app */,
			);
			name = Products;
			sourceTree = "<group>";
		};
		C760FFEA1EB184D6002C9AB0 /* Games */ = {
			isa = PBXGroup;
			children = (
				C7D3874D1EB5260E0058A5F2 /* Services */,
				C76000041EB18B97002C9AB0 /* Model */,
				C76000031EB18B91002C9AB0 /* View */,
				C76000021EB18B89002C9AB0 /* Controller */,
				C760FFEB1EB184D6002C9AB0 /* AppDelegate.swift */,
				C760FFF51EB184D6002C9AB0 /* Assets.xcassets */,
				C729C06B1EB835EB00FC2EB0 /* ActivitySpinnerView.swift */,
				C723C7D41EBE38CD0000C383 /* Constants.swift */,
			);
			path = Games;
			sourceTree = "<group>";
		};
		C7D3874D1EB5260E0058A5F2 /* Services */ = {
			isa = PBXGroup;
			children = (
				C7D3874E1EB5261C0058A5F2 /* AuthService.swift */,
				C7FB15941EBADB1900D79D5C /* UserService.swift */,
				C723C7DE1EC17A990000C383 /* LeagueService.swift */,
				C735BAC61ED117D300D20949 /* GameService.swift */,
			);
			name = Services;
			sourceTree = "<group>";
		};
		C7D387541EB531820058A5F2 /* Leagues */ = {
			isa = PBXGroup;
			children = (
				C723C7D61EBE44720000C383 /* LeagueCell.swift */,
				C723C7D81EBE44810000C383 /* PendingInviteCell.swift */,
			);
			name = Leagues;
			sourceTree = "<group>";
		};
		C7D387551EB531DE0058A5F2 /* Leagues */ = {
			isa = PBXGroup;
			children = (
				C7D387561EB531F30058A5F2 /* LeaguesVC.swift */,
				C723C7DA1EBE56990000C383 /* NewLeagueVC.swift */,
				C70AFB9D1EC6B50700C245E9 /* LeaguesNC.swift */,
				C70B68061ED22203008BE774 /* LeagueTBC.swift */,
			);
			name = Leagues;
			sourceTree = "<group>";
		};
		C7D3875E1EB6A5470058A5F2 /* Extensions */ = {
			isa = PBXGroup;
			children = (
				C7D3875A1EB6A0830058A5F2 /* HideKeyboardExtension.swift */,
				C7D3875C1EB6A1910058A5F2 /* AlertExtension.swift */,
				C7D387581EB65F8A0058A5F2 /* AppStoryboards.swift */,
			);
			name = Extensions;
			sourceTree = "<group>";
		};
		C86642EA8D01324CEAFD1A4F /* Pods */ = {
			isa = PBXGroup;
			children = (
				C28AAB04554CD7DB525D9500 /* Pods-Games.debug.xcconfig */,
				FD360C8C9BEA7D61E1BC2D4F /* Pods-Games.release.xcconfig */,
			);
			name = Pods;
			sourceTree = "<group>";
		};
/* End PBXGroup section */

/* Begin PBXNativeTarget section */
		C760FFE71EB184D6002C9AB0 /* Games */ = {
			isa = PBXNativeTarget;
			buildConfigurationList = C760FFFD1EB184D6002C9AB0 /* Build configuration list for PBXNativeTarget "Games" */;
			buildPhases = (
				54DEBB56BEF9E15605A74AA1 /* [CP] Check Pods Manifest.lock */,
				C760FFE41EB184D6002C9AB0 /* Sources */,
				C760FFE51EB184D6002C9AB0 /* Frameworks */,
				C760FFE61EB184D6002C9AB0 /* Resources */,
				D38E646987C38F7826D17C02 /* [CP] Embed Pods Frameworks */,
				8FF09D7E5A769EC7704EBE29 /* [CP] Copy Pods Resources */,
			);
			buildRules = (
			);
			dependencies = (
			);
			name = Games;
			productName = Games;
			productReference = C760FFE81EB184D6002C9AB0 /* Games.app */;
			productType = "com.apple.product-type.application";
		};
/* End PBXNativeTarget section */

/* Begin PBXProject section */
		C760FFE01EB184D6002C9AB0 /* Project object */ = {
			isa = PBXProject;
			attributes = {
				LastSwiftUpdateCheck = 0830;
				LastUpgradeCheck = 0830;
				ORGANIZATIONNAME = "Lindsey Isaak";
				TargetAttributes = {
					C760FFE71EB184D6002C9AB0 = {
						CreatedOnToolsVersion = 8.3.1;
						DevelopmentTeam = PXAHCSPAWD;
						ProvisioningStyle = Automatic;
					};
				};
			};
			buildConfigurationList = C760FFE31EB184D6002C9AB0 /* Build configuration list for PBXProject "Games" */;
			compatibilityVersion = "Xcode 3.2";
			developmentRegion = English;
			hasScannedForEncodings = 0;
			knownRegions = (
				en,
				Base,
			);
			mainGroup = C760FFDF1EB184D6002C9AB0;
			productRefGroup = C760FFE91EB184D6002C9AB0 /* Products */;
			projectDirPath = "";
			projectRoot = "";
			targets = (
				C760FFE71EB184D6002C9AB0 /* Games */,
			);
		};
/* End PBXProject section */

/* Begin PBXResourcesBuildPhase section */
		C760FFE61EB184D6002C9AB0 /* Resources */ = {
			isa = PBXResourcesBuildPhase;
			buildActionMask = 2147483647;
			files = (
				C760FFF91EB184D6002C9AB0 /* LaunchScreen.storyboard in Resources */,
				C76000011EB185FB002C9AB0 /* GoogleService-Info.plist in Resources */,
				C70B680B1ED246C9008BE774 /* CurrentLeague.storyboard in Resources */,
				C7D387531EB531700058A5F2 /* Leagues.storyboard in Resources */,
				C760FFF61EB184D6002C9AB0 /* Assets.xcassets in Resources */,
				C7DEC9D71EB45BDB00901A63 /* Main.storyboard in Resources */,
			);
			runOnlyForDeploymentPostprocessing = 0;
		};
/* End PBXResourcesBuildPhase section */

/* Begin PBXShellScriptBuildPhase section */
		54DEBB56BEF9E15605A74AA1 /* [CP] Check Pods Manifest.lock */ = {
			isa = PBXShellScriptBuildPhase;
			buildActionMask = 2147483647;
			files = (
			);
			inputPaths = (
			);
			name = "[CP] Check Pods Manifest.lock";
			outputPaths = (
			);
			runOnlyForDeploymentPostprocessing = 0;
			shellPath = /bin/sh;
			shellScript = "diff \"${PODS_PODFILE_DIR_PATH}/Podfile.lock\" \"${PODS_ROOT}/Manifest.lock\" > /dev/null\nif [ $? != 0 ] ; then\n    # print error to STDERR\n    echo \"error: The sandbox is not in sync with the Podfile.lock. Run 'pod install' or update your CocoaPods installation.\" >&2\n    exit 1\nfi\n";
			showEnvVarsInLog = 0;
		};
		8FF09D7E5A769EC7704EBE29 /* [CP] Copy Pods Resources */ = {
			isa = PBXShellScriptBuildPhase;
			buildActionMask = 2147483647;
			files = (
			);
			inputPaths = (
			);
			name = "[CP] Copy Pods Resources";
			outputPaths = (
			);
			runOnlyForDeploymentPostprocessing = 0;
			shellPath = /bin/sh;
			shellScript = "\"${SRCROOT}/Pods/Target Support Files/Pods-Games/Pods-Games-resources.sh\"\n";
			showEnvVarsInLog = 0;
		};
		D38E646987C38F7826D17C02 /* [CP] Embed Pods Frameworks */ = {
			isa = PBXShellScriptBuildPhase;
			buildActionMask = 2147483647;
			files = (
			);
			inputPaths = (
			);
			name = "[CP] Embed Pods Frameworks";
			outputPaths = (
			);
			runOnlyForDeploymentPostprocessing = 0;
			shellPath = /bin/sh;
			shellScript = "\"${SRCROOT}/Pods/Target Support Files/Pods-Games/Pods-Games-frameworks.sh\"\n";
			showEnvVarsInLog = 0;
		};
/* End PBXShellScriptBuildPhase section */

/* Begin PBXSourcesBuildPhase section */
		C760FFE41EB184D6002C9AB0 /* Sources */ = {
			isa = PBXSourcesBuildPhase;
			buildActionMask = 2147483647;
			files = (
				C73931161EDA99E300ED38B6 /* ModalView.swift in Sources */,
				C7FB15971EBAE6C700D79D5C /* League.swift in Sources */,
				C70AFBA91EC94D6400C245E9 /* GamesVC.swift in Sources */,
				C760000A1EB19B03002C9AB0 /* LoginButton.swift in Sources */,
				C7D387571EB531F30058A5F2 /* LeaguesVC.swift in Sources */,
				C723BD141ED3971E00AA9B2D /* MemberCell.swift in Sources */,
				C7D3875B1EB6A0830058A5F2 /* HideKeyboardExtension.swift in Sources */,
				C729C06C1EB835EB00FC2EB0 /* ActivitySpinnerView.swift in Sources */,
				C739311D1EDBC93D00ED38B6 /* MemberInviteCell.swift in Sources */,
				C723C7D51EBE38CD0000C383 /* Constants.swift in Sources */,
				C723C7DF1EC17A990000C383 /* LeagueService.swift in Sources */,
				C7D387591EB65F8A0058A5F2 /* AppStoryboards.swift in Sources */,
				C760FFEE1EB184D6002C9AB0 /* RegisterVC.swift in Sources */,
				C723C7DB1EBE56990000C383 /* NewLeagueVC.swift in Sources */,
				C70B68091ED22264008BE774 /* MembersNC.swift in Sources */,
				C70AFBAB1EC950AE00C245E9 /* GameCell.swift in Sources */,
				C7D3875D1EB6A1910058A5F2 /* AlertExtension.swift in Sources */,
				C70B680F1ED24DED008BE774 /* MembersVC.swift in Sources */,
				C760000C1EB19FCB002C9AB0 /* LoginVC.swift in Sources */,
				C739311B1EDBBBD200ED38B6 /* ShadowUIView.swift in Sources */,
				C76000081EB19772002C9AB0 /* LoginTextField.swift in Sources */,
				C735BAC71ED117D300D20949 /* GameService.swift in Sources */,
				C723C7D91EBE44810000C383 /* PendingInviteCell.swift in Sources */,
				C73931131EDA92B600ED38B6 /* CustomTextField.swift in Sources */,
				C70AFBAD1EC950D800C245E9 /* Game.swift in Sources */,
				C7FB15951EBADB1900D79D5C /* UserService.swift in Sources */,
				C76000101EB1A6DC002C9AB0 /* PasswordResetVC.swift in Sources */,
				C70B68071ED22203008BE774 /* LeagueTBC.swift in Sources */,
				C760FFEC1EB184D6002C9AB0 /* AppDelegate.swift in Sources */,
				C723C7D71EBE44720000C383 /* LeagueCell.swift in Sources */,
				C70AFBA51EC94BB600C245E9 /* GamesNC.swift in Sources */,
				C735BAC91ED132CA00D20949 /* AddGameVC.swift in Sources */,
				C7D3874F1EB5261C0058A5F2 /* AuthService.swift in Sources */,
				C73931191EDA9B1500ED38B6 /* InviteMemberModalVC.swift in Sources */,
				C723C7DD1EBE62700000C383 /* User.swift in Sources */,
				C70AFB9E1EC6B50700C245E9 /* LeaguesNC.swift in Sources */,
			);
			runOnlyForDeploymentPostprocessing = 0;
		};
/* End PBXSourcesBuildPhase section */

/* Begin PBXVariantGroup section */
		C760FFEF1EB184D6002C9AB0 /* Main.storyboard */ = {
			isa = PBXVariantGroup;
			children = (
				C760FFF01EB184D6002C9AB0 /* Base */,
			);
			name = Main.storyboard;
			sourceTree = "<group>";
		};
		C760FFF71EB184D6002C9AB0 /* LaunchScreen.storyboard */ = {
			isa = PBXVariantGroup;
			children = (
				C760FFF81EB184D6002C9AB0 /* Base */,
			);
			name = LaunchScreen.storyboard;
			sourceTree = "<group>";
		};
/* End PBXVariantGroup section */

/* Begin XCBuildConfiguration section */
		C760FFFB1EB184D6002C9AB0 /* Debug */ = {
			isa = XCBuildConfiguration;
			buildSettings = {
				ALWAYS_SEARCH_USER_PATHS = NO;
				CLANG_ANALYZER_NONNULL = YES;
				CLANG_ANALYZER_NUMBER_OBJECT_CONVERSION = YES_AGGRESSIVE;
				CLANG_CXX_LANGUAGE_STANDARD = "gnu++0x";
				CLANG_CXX_LIBRARY = "libc++";
				CLANG_ENABLE_MODULES = YES;
				CLANG_ENABLE_OBJC_ARC = YES;
				CLANG_WARN_BOOL_CONVERSION = YES;
				CLANG_WARN_CONSTANT_CONVERSION = YES;
				CLANG_WARN_DIRECT_OBJC_ISA_USAGE = YES_ERROR;
				CLANG_WARN_DOCUMENTATION_COMMENTS = YES;
				CLANG_WARN_EMPTY_BODY = YES;
				CLANG_WARN_ENUM_CONVERSION = YES;
				CLANG_WARN_INFINITE_RECURSION = YES;
				CLANG_WARN_INT_CONVERSION = YES;
				CLANG_WARN_OBJC_ROOT_CLASS = YES_ERROR;
				CLANG_WARN_SUSPICIOUS_MOVE = YES;
				CLANG_WARN_UNREACHABLE_CODE = YES;
				CLANG_WARN__DUPLICATE_METHOD_MATCH = YES;
				"CODE_SIGN_IDENTITY[sdk=iphoneos*]" = "iPhone Developer";
				COPY_PHASE_STRIP = NO;
				DEBUG_INFORMATION_FORMAT = dwarf;
				ENABLE_STRICT_OBJC_MSGSEND = YES;
				ENABLE_TESTABILITY = YES;
				GCC_C_LANGUAGE_STANDARD = gnu99;
				GCC_DYNAMIC_NO_PIC = NO;
				GCC_NO_COMMON_BLOCKS = YES;
				GCC_OPTIMIZATION_LEVEL = 0;
				GCC_PREPROCESSOR_DEFINITIONS = (
					"DEBUG=1",
					"$(inherited)",
				);
				GCC_WARN_64_TO_32_BIT_CONVERSION = YES;
				GCC_WARN_ABOUT_RETURN_TYPE = YES_ERROR;
				GCC_WARN_UNDECLARED_SELECTOR = YES;
				GCC_WARN_UNINITIALIZED_AUTOS = YES_AGGRESSIVE;
				GCC_WARN_UNUSED_FUNCTION = YES;
				GCC_WARN_UNUSED_VARIABLE = YES;
				IPHONEOS_DEPLOYMENT_TARGET = 10.3;
				MTL_ENABLE_DEBUG_INFO = YES;
				ONLY_ACTIVE_ARCH = YES;
				SDKROOT = iphoneos;
				SWIFT_ACTIVE_COMPILATION_CONDITIONS = DEBUG;
				SWIFT_OPTIMIZATION_LEVEL = "-Onone";
				TARGETED_DEVICE_FAMILY = "1,2";
			};
			name = Debug;
		};
		C760FFFC1EB184D6002C9AB0 /* Release */ = {
			isa = XCBuildConfiguration;
			buildSettings = {
				ALWAYS_SEARCH_USER_PATHS = NO;
				CLANG_ANALYZER_NONNULL = YES;
				CLANG_ANALYZER_NUMBER_OBJECT_CONVERSION = YES_AGGRESSIVE;
				CLANG_CXX_LANGUAGE_STANDARD = "gnu++0x";
				CLANG_CXX_LIBRARY = "libc++";
				CLANG_ENABLE_MODULES = YES;
				CLANG_ENABLE_OBJC_ARC = YES;
				CLANG_WARN_BOOL_CONVERSION = YES;
				CLANG_WARN_CONSTANT_CONVERSION = YES;
				CLANG_WARN_DIRECT_OBJC_ISA_USAGE = YES_ERROR;
				CLANG_WARN_DOCUMENTATION_COMMENTS = YES;
				CLANG_WARN_EMPTY_BODY = YES;
				CLANG_WARN_ENUM_CONVERSION = YES;
				CLANG_WARN_INFINITE_RECURSION = YES;
				CLANG_WARN_INT_CONVERSION = YES;
				CLANG_WARN_OBJC_ROOT_CLASS = YES_ERROR;
				CLANG_WARN_SUSPICIOUS_MOVE = YES;
				CLANG_WARN_UNREACHABLE_CODE = YES;
				CLANG_WARN__DUPLICATE_METHOD_MATCH = YES;
				"CODE_SIGN_IDENTITY[sdk=iphoneos*]" = "iPhone Developer";
				COPY_PHASE_STRIP = NO;
				DEBUG_INFORMATION_FORMAT = "dwarf-with-dsym";
				ENABLE_NS_ASSERTIONS = NO;
				ENABLE_STRICT_OBJC_MSGSEND = YES;
				GCC_C_LANGUAGE_STANDARD = gnu99;
				GCC_NO_COMMON_BLOCKS = YES;
				GCC_WARN_64_TO_32_BIT_CONVERSION = YES;
				GCC_WARN_ABOUT_RETURN_TYPE = YES_ERROR;
				GCC_WARN_UNDECLARED_SELECTOR = YES;
				GCC_WARN_UNINITIALIZED_AUTOS = YES_AGGRESSIVE;
				GCC_WARN_UNUSED_FUNCTION = YES;
				GCC_WARN_UNUSED_VARIABLE = YES;
				IPHONEOS_DEPLOYMENT_TARGET = 10.3;
				MTL_ENABLE_DEBUG_INFO = NO;
				SDKROOT = iphoneos;
				SWIFT_OPTIMIZATION_LEVEL = "-Owholemodule";
				TARGETED_DEVICE_FAMILY = "1,2";
				VALIDATE_PRODUCT = YES;
			};
			name = Release;
		};
		C760FFFE1EB184D6002C9AB0 /* Debug */ = {
			isa = XCBuildConfiguration;
			baseConfigurationReference = C28AAB04554CD7DB525D9500 /* Pods-Games.debug.xcconfig */;
			buildSettings = {
				ASSETCATALOG_COMPILER_APPICON_NAME = AppIcon;
				DEVELOPMENT_TEAM = PXAHCSPAWD;
				INFOPLIST_FILE = Games/Info.plist;
				LD_RUNPATH_SEARCH_PATHS = "$(inherited) @executable_path/Frameworks";
				PRODUCT_BUNDLE_IDENTIFIER = com.lindseyisaak.Games;
				PRODUCT_NAME = "$(TARGET_NAME)";
				SWIFT_VERSION = 3.0;
				TARGETED_DEVICE_FAMILY = "1,2";
			};
			name = Debug;
		};
		C760FFFF1EB184D6002C9AB0 /* Release */ = {
			isa = XCBuildConfiguration;
			baseConfigurationReference = FD360C8C9BEA7D61E1BC2D4F /* Pods-Games.release.xcconfig */;
			buildSettings = {
				ASSETCATALOG_COMPILER_APPICON_NAME = AppIcon;
				DEVELOPMENT_TEAM = PXAHCSPAWD;
				INFOPLIST_FILE = Games/Info.plist;
				LD_RUNPATH_SEARCH_PATHS = "$(inherited) @executable_path/Frameworks";
				PRODUCT_BUNDLE_IDENTIFIER = com.lindseyisaak.Games;
				PRODUCT_NAME = "$(TARGET_NAME)";
				SWIFT_VERSION = 3.0;
				TARGETED_DEVICE_FAMILY = "1,2";
			};
			name = Release;
		};
/* End XCBuildConfiguration section */

/* Begin XCConfigurationList section */
		C760FFE31EB184D6002C9AB0 /* Build configuration list for PBXProject "Games" */ = {
			isa = XCConfigurationList;
			buildConfigurations = (
				C760FFFB1EB184D6002C9AB0 /* Debug */,
				C760FFFC1EB184D6002C9AB0 /* Release */,
			);
			defaultConfigurationIsVisible = 0;
			defaultConfigurationName = Release;
		};
		C760FFFD1EB184D6002C9AB0 /* Build configuration list for PBXNativeTarget "Games" */ = {
			isa = XCConfigurationList;
			buildConfigurations = (
				C760FFFE1EB184D6002C9AB0 /* Debug */,
				C760FFFF1EB184D6002C9AB0 /* Release */,
			);
			defaultConfigurationIsVisible = 0;
			defaultConfigurationName = Release;
		};
/* End XCConfigurationList section */
	};
	rootObject = C760FFE01EB184D6002C9AB0 /* Project object */;
}
